
Microsoft Visual Studio Solution File, Format Version 12.00
# Visual Studio Version 16
VisualStudioVersion = 16.0.31129.286
MinimumVisualStudioVersion = 10.0.40219.1
Project("{FAE04EC0-301F-11D3-BF4B-00C04F79EFBC}") = "PersonApp", "PersonApp\PersonApp.csproj", "{93CFAB7A-4E6E-422B-87D0-D81071C46780}"
EndProject
Project("{FAE04EC0-301F-11D3-BF4B-00C04F79EFBC}") = "PersonEntity", "PersonEntity\PersonEntity.csproj", "{1AECCA79-8504-4D5C-B910-FB14710A8E89}"
EndProject
Project("{FAE04EC0-301F-11D3-BF4B-00C04F79EFBC}") = "PersonCore", "PersonCore\PersonCore.csproj", "{A561B1C8-D7A0-46B5-B6D5-8AD48522DF0C}"
EndProject
Global
	GlobalSection(SolutionConfigurationPlatforms) = preSolution
		Debug|Any CPU = Debug|Any CPU
		Release|Any CPU = Release|Any CPU
	EndGlobalSection
	GlobalSection(ProjectConfigurationPlatforms) = postSolution
		{93CFAB7A-4E6E-422B-87D0-D81071C46780}.Debug|Any CPU.ActiveCfg = Debug|Any CPU
		{93CFAB7A-4E6E-422B-87D0-D81071C46780}.Debug|Any CPU.Build.0 = Debug|Any CPU
		{93CFAB7A-4E6E-422B-87D0-D81071C46780}.Release|Any CPU.ActiveCfg = Release|Any CPU
		{93CFAB7A-4E6E-422B-87D0-D81071C46780}.Release|Any CPU.Build.0 = Release|Any CPU
		{1AECCA79-8504-4D5C-B910-FB14710A8E89}.Debug|Any CPU.ActiveCfg = Debug|Any CPU
		{1AECCA79-8504-4D5C-B910-FB14710A8E89}.Debug|Any CPU.Build.0 = Debug|Any CPU
		{1AECCA79-8504-4D5C-B910-FB14710A8E89}.Release|Any CPU.ActiveCfg = Release|Any CPU
		{1AECCA79-8504-4D5C-B910-FB14710A8E89}.Release|Any CPU.Build.0 = Release|Any CPU
		{A561B1C8-D7A0-46B5-B6D5-8AD48522DF0C}.Debug|Any CPU.ActiveCfg = Debug|Any CPU
		{A561B1C8-D7A0-46B5-B6D5-8AD48522DF0C}.Debug|Any CPU.Build.0 = Debug|Any CPU
		{A561B1C8-D7A0-46B5-B6D5-8AD48522DF0C}.Release|Any CPU.ActiveCfg = Release|Any CPU
		{A561B1C8-D7A0-46B5-B6D5-8AD48522DF0C}.Release|Any CPU.Build.0 = Release|Any CPU
	EndGlobalSection
	GlobalSection(SolutionProperties) = preSolution
		HideSolutionNode = FALSE
	EndGlobalSection
	GlobalSection(ExtensibilityGlobals) = postSolution
		SolutionGuid = {AE2FFDC0-D710-4572-B5B8-79594D3E523F}
	EndGlobalSection
EndGlobal
